
Microsoft Visual Studio Solution File, Format Version 12.00
# Visual Studio 2010
Project("{FAE04EC0-301F-11D3-BF4B-00C04F79EFBC}") = "JuiceUI", "Juice\JuiceUI.csproj", "{03C37589-6BF0-4E3B-91D7-9140D0368DB6}"
EndProject
Project("{FAE04EC0-301F-11D3-BF4B-00C04F79EFBC}") = "JuiceUI Test Site", "Juice-Test-Site\JuiceUI Test Site.csproj", "{9B57D389-734D-4244-A1EB-28AC91DF685B}"
EndProject
Project("{FAE04EC0-301F-11D3-BF4B-00C04F79EFBC}") = "MVC Test Site", "MVC Test Site\MVC Test Site.csproj", "{C6B4FC7A-1CDD-4B5A-8C34-2B291C511ACB}"
EndProject
Global
	GlobalSection(SolutionConfigurationPlatforms) = preSolution
		Debug|Any CPU = Debug|Any CPU
		Release|Any CPU = Release|Any CPU
	EndGlobalSection
	GlobalSection(ProjectConfigurationPlatforms) = postSolution
		{03C37589-6BF0-4E3B-91D7-9140D0368DB6}.Debug|Any CPU.ActiveCfg = Debug|Any CPU
		{03C37589-6BF0-4E3B-91D7-9140D0368DB6}.Debug|Any CPU.Build.0 = Debug|Any CPU
		{03C37589-6BF0-4E3B-91D7-9140D0368DB6}.Release|Any CPU.ActiveCfg = Release|Any CPU
		{03C37589-6BF0-4E3B-91D7-9140D0368DB6}.Release|Any CPU.Build.0 = Release|Any CPU
		{9B57D389-734D-4244-A1EB-28AC91DF685B}.Debug|Any CPU.ActiveCfg = Debug|Any CPU
		{9B57D389-734D-4244-A1EB-28AC91DF685B}.Debug|Any CPU.Build.0 = Debug|Any CPU
		{9B57D389-734D-4244-A1EB-28AC91DF685B}.Release|Any CPU.ActiveCfg = Release|Any CPU
		{9B57D389-734D-4244-A1EB-28AC91DF685B}.Release|Any CPU.Build.0 = Release|Any CPU
		{C6B4FC7A-1CDD-4B5A-8C34-2B291C511ACB}.Debug|Any CPU.ActiveCfg = Debug|Any CPU
		{C6B4FC7A-1CDD-4B5A-8C34-2B291C511ACB}.Debug|Any CPU.Build.0 = Debug|Any CPU
		{C6B4FC7A-1CDD-4B5A-8C34-2B291C511ACB}.Release|Any CPU.ActiveCfg = Release|Any CPU
		{C6B4FC7A-1CDD-4B5A-8C34-2B291C511ACB}.Release|Any CPU.Build.0 = Release|Any CPU
	EndGlobalSection
	GlobalSection(SolutionProperties) = preSolution
		HideSolutionNode = FALSE
	EndGlobalSection
EndGlobal
